
Microsoft Visual Studio Solution File, Format Version 12.00
# Visual Studio Version 16
VisualStudioVersion = 16.0.31424.327
MinimumVisualStudioVersion = 10.0.40219.1
Project("{FAE04EC0-301F-11D3-BF4B-00C04F79EFBC}") = "csharp-coding-practice-1", "csharp-coding-practice-1\csharp-coding-practice-1.csproj", "{1A5F8DF9-AE58-4AB7-8D4A-BB70740F5507}"
EndProject
Global
	GlobalSection(SolutionConfigurationPlatforms) = preSolution
		Debug|Any CPU = Debug|Any CPU
		Release|Any CPU = Release|Any CPU
	EndGlobalSection
	GlobalSection(ProjectConfigurationPlatforms) = postSolution
		{1A5F8DF9-AE58-4AB7-8D4A-BB70740F5507}.Debug|Any CPU.ActiveCfg = Debug|Any CPU
		{1A5F8DF9-AE58-4AB7-8D4A-BB70740F5507}.Debug|Any CPU.Build.0 = Debug|Any CPU
		{1A5F8DF9-AE58-4AB7-8D4A-BB70740F5507}.Release|Any CPU.ActiveCfg = Release|Any CPU
		{1A5F8DF9-AE58-4AB7-8D4A-BB70740F5507}.Release|Any CPU.Build.0 = Release|Any CPU
	EndGlobalSection
	GlobalSection(SolutionProperties) = preSolution
		HideSolutionNode = FALSE
	EndGlobalSection
	GlobalSection(ExtensibilityGlobals) = postSolution
		SolutionGuid = {26CC2B82-4E0B-4D7C-8CE2-626903EABBD3}
	EndGlobalSection
EndGlobal
